
Microsoft Visual Studio Solution File, Format Version 12.00
Project("{FAE04EC0-301F-11D3-BF4B-00C04F79EFBC}") = "Home.Work7", "Home.Work7\Home.Work7.csproj", "{82944C2F-8DD6-48D6-8B50-227581725005}"
EndProject
Global
	GlobalSection(SolutionConfigurationPlatforms) = preSolution
		Debug|Any CPU = Debug|Any CPU
		Release|Any CPU = Release|Any CPU
	EndGlobalSection
	GlobalSection(ProjectConfigurationPlatforms) = postSolution
		{82944C2F-8DD6-48D6-8B50-227581725005}.Debug|Any CPU.ActiveCfg = Debug|Any CPU
		{82944C2F-8DD6-48D6-8B50-227581725005}.Debug|Any CPU.Build.0 = Debug|Any CPU
		{82944C2F-8DD6-48D6-8B50-227581725005}.Release|Any CPU.ActiveCfg = Release|Any CPU
		{82944C2F-8DD6-48D6-8B50-227581725005}.Release|Any CPU.Build.0 = Release|Any CPU
	EndGlobalSection
EndGlobal
